
Microsoft Visual Studio Solution File, Format Version 12.00
# Visual Studio Version 17
VisualStudioVersion = 17.2.32630.192
MinimumVisualStudioVersion = 10.0.40219.1
Project("{FAE04EC0-301F-11D3-BF4B-00C04F79EFBC}") = "Arda Depo", "WindowsFormsApp4\Arda Depo.csproj", "{A43D1212-4129-4B8D-97E0-FC881CA2B21A}"
EndProject
Global
	GlobalSection(SolutionConfigurationPlatforms) = preSolution
		Debug|Any CPU = Debug|Any CPU
		Release|Any CPU = Release|Any CPU
	EndGlobalSection
	GlobalSection(ProjectConfigurationPlatforms) = postSolution
		{A43D1212-4129-4B8D-97E0-FC881CA2B21A}.Debug|Any CPU.ActiveCfg = Debug|Any CPU
		{A43D1212-4129-4B8D-97E0-FC881CA2B21A}.Debug|Any CPU.Build.0 = Debug|Any CPU
		{A43D1212-4129-4B8D-97E0-FC881CA2B21A}.Release|Any CPU.ActiveCfg = Release|Any CPU
		{A43D1212-4129-4B8D-97E0-FC881CA2B21A}.Release|Any CPU.Build.0 = Release|Any CPU
	EndGlobalSection
	GlobalSection(SolutionProperties) = preSolution
		HideSolutionNode = FALSE
	EndGlobalSection
	GlobalSection(ExtensibilityGlobals) = postSolution
		SolutionGuid = {BC8704EA-86EB-48D5-8173-0E96EBE07A24}
	EndGlobalSection
EndGlobal
